hash: d52b47069cbe4bbd3f233fc6cbb1acc75fdd9c1b6de50795794ad6e4d2c5d5e0
updated: 2017-02-05T23:21:30.650735916+01:00
imports:
- name: github.com/bradfitz/gomemcache
  version: 2fafb84a66c4911e11a8f50955b01e74fe3ab9c5
  subpackages:
  - memcache
- name: github.com/hashicorp/consul
  version: ee8705f54994151efe83918891c46e8751c0a1b0
  subpackages:
  - api
- name: github.com/hashicorp/go-cleanhttp
  version: ad28ea4487f05916463e2423a55166280e8254b5
- name: github.com/hashicorp/serf
  version: 78349c9fd938fca3f149051b8d816cc891c3851f
  subpackages:
  - coordinate
- name: github.com/netflix/rend
  version: 950f00556a8cace8db0e8af78408f6e3ac83c061
  subpackages:
  - binprot
  - common
  - handlers
  - metrics
  - orcas
  - server
  - textprot
  - timer
- name: github.com/wrighty/ketama
  version: 4206f55a0783af1c0ce8b3c939f9f898bcb22a76
testImports: []
